
Microsoft Visual Studio Solution File, Format Version 12.00
# Visual Studio Version 17
VisualStudioVersion = 17.7.34221.43
MinimumVisualStudioVersion = 10.0.40219.1
Project("{9A19103F-16F7-4668-BE54-9A1E7A4F7556}") = "SeleniumAdvanced", "SeleniumBasic\SeleniumAdvanced.csproj", "{F6E2B83E-713B-4BBC-8706-B15E7B6D543E}"
EndProject
Global
	GlobalSection(SolutionConfigurationPlatforms) = preSolution
		Debug|Any CPU = Debug|Any CPU
		Release|Any CPU = Release|Any CPU
	EndGlobalSection
	GlobalSection(ProjectConfigurationPlatforms) = postSolution
		{F6E2B83E-713B-4BBC-8706-B15E7B6D543E}.Debug|Any CPU.ActiveCfg = Debug|Any CPU
		{F6E2B83E-713B-4BBC-8706-B15E7B6D543E}.Debug|Any CPU.Build.0 = Debug|Any CPU
		{F6E2B83E-713B-4BBC-8706-B15E7B6D543E}.Release|Any CPU.ActiveCfg = Release|Any CPU
		{F6E2B83E-713B-4BBC-8706-B15E7B6D543E}.Release|Any CPU.Build.0 = Release|Any CPU
	EndGlobalSection
	GlobalSection(SolutionProperties) = preSolution
		HideSolutionNode = FALSE
	EndGlobalSection
	GlobalSection(ExtensibilityGlobals) = postSolution
		SolutionGuid = {9914CDAB-83CA-421C-8415-CAB34F64B032}
	EndGlobalSection
EndGlobal
